
Microsoft Visual Studio Solution File, Format Version 12.00
# Visual Studio Version 17
VisualStudioVersion = 17.7.34221.43
MinimumVisualStudioVersion = 10.0.40219.1
Project("{9A19103F-16F7-4668-BE54-9A1E7A4F7556}") = "E_Commerce_App", "E-Commerce_App\E_Commerce_App.csproj", "{28AD465B-ACF3-4C83-9EFA-6033F686B49F}"
EndProject
Global
	GlobalSection(SolutionConfigurationPlatforms) = preSolution
		Debug|Any CPU = Debug|Any CPU
		Release|Any CPU = Release|Any CPU
	EndGlobalSection
	GlobalSection(ProjectConfigurationPlatforms) = postSolution
		{28AD465B-ACF3-4C83-9EFA-6033F686B49F}.Debug|Any CPU.ActiveCfg = Debug|Any CPU
		{28AD465B-ACF3-4C83-9EFA-6033F686B49F}.Debug|Any CPU.Build.0 = Debug|Any CPU
		{28AD465B-ACF3-4C83-9EFA-6033F686B49F}.Release|Any CPU.ActiveCfg = Release|Any CPU
		{28AD465B-ACF3-4C83-9EFA-6033F686B49F}.Release|Any CPU.Build.0 = Release|Any CPU
	EndGlobalSection
	GlobalSection(SolutionProperties) = preSolution
		HideSolutionNode = FALSE
	EndGlobalSection
	GlobalSection(ExtensibilityGlobals) = postSolution
		SolutionGuid = {A8D99CD8-76E7-406F-8300-F2113AE0BE14}
	EndGlobalSection
EndGlobal
